github.com/Eyevinn/mp4ff v0.55.0 h1:wFShr5eqcJaVd15/uPMe747sAWPbz7dl2TfhusDx+Kk=
github.com/Eyevinn/mp4ff v0.55.0/go.mod h1:AhC+bOI7GSZmzuN4zFY9U76qMedbHI+8BdQXWrC9+8U=
github.com/asticode/go-astikit v0.30.0 h1:DkBkRQRIxYcknlaU7W7ksNfn4gMFsB0tqMJflxkRsZA=
github.com/asticode/go-astikit v0.30.0/go.mod h1:h4ly7idim1tNhaVkdVBeXQZEE3L0xblP7fCWbgwipF0=
github.com/asticode/go-astits v1.16.0 h1:MgyLnG30oRiQsHWQNXA29ZS6i7UNN/OGcPdgH86JJqg=
github.com/asticode/go-astits v1.16.0/go.mod h1:psImoC1BhcAWIsyM/RnbO1OgUW+XSf8fZpFvF5McDyo=
github.com/at-wat/ebml-go v0.19.0 h1:Uyou5O4QbIdxUOCA6zmu2Zdq/g/T4dMONpPSqIgEgBQ=
github.com/at-wat/ebml-go v0.19.0/go.mod h1:wu3fQj+DWo6SOOl9c4yDi+gFs9Oa96Z2B5qxo1OxFYY=
github.com/davecgh/go-spew v1.1.0 h1:ZDRjVQ15GmhC3fiQ8ni8+OwkZQO4DARzQgrnXU1Liz8=
github.com/davecgh/go-spew v1.1.0/go.mod h1:J7Y8YcW2NihsgmVo/mv3lAwl/skON4iLHjSsI+c5H38=
github.com/ebitengine/purego v0.10.2 h1:W809HbnvzAxgdm+aOvlSekrM16wGCdT/e76+9tS7gzE=
github.com/ebitengine/purego v0.10.2/go.mod h1:iIjxzd6CiRiOG0UyXP+V1+jWqUXVjPKLAI0mRfJZTmQ=
github.com/go-avkit/avkit v0.0.0-20260822082210-a77a82116774 h1:QfcpZqJHYfk118Zx4w2ofxUIr1hYSzFZZ0/Zk7cGwbQ=
github.com/go-avkit/avkit v0.0.0-20260822082210-a77a82116774/go.mod h1:25b9f05nWlU8dX9Op//9qZJgxFjpv9R0qmIUWtWo3vc=
github.com/go-gfx/gfx v0.6.0 h1:sQkGEmB9YLouHxrscwvS4OW6oELsTtrKtQqsNdJ8L8Q=
github.com/go-gfx/gfx v0.6.0/go.mod h1:bFt/MWyYWRU3Ic9IaB8XOC9KLMMHRRmahMk4FaIGK7g=
github.com/go-iconoir/iconoir v0.2.0 h1:2ANqG6gkvHMoCtpNgNhSeOsuGMnlWQ+Sl43EndujIC0=
github.com/go-iconoir/iconoir v0.2.0/go.mod h1:BrOQ68YO5BMsF7y+/nht4shbgjVfh9CxBoQF35eNosw=
github.com/go-images/images v0.0.0-20260815210351-4a50ef5ab734 h1:nU+MGeyJzidGvCtx+HLZgHKG9GpUUomkQvB5nXLRWoc=
github.com/go-images/images v0.0.0-20260815210351-4a50ef5ab734/go.mod h1:ObuOBKDEidGX0LqLKY/5nqj7JVN/hsCzHMAJd0TNc0k=
github.com/go-macos/avfoundation v0.2.0 h1:F6T9l8OrMZc1YXzLlyHn/4ImgI0ynA9r73WTMcvz0d0=
github.com/go-macos/avfoundation v0.2.0/go.mod h1:RlMef862m9J6inv+t6Xr0ZqAuJBkBTODCDLCAUcTtH0=
github.com/go-macos/objc v0.2.0 h1:uDFsiCMQT66A3E7dFsVYrnVOk3BQxpkhfwZJCtYuWq8=
github.com/go-macos/objc v0.2.0/go.mod h1:00GJyieLzPcb65rPLVWNPPUCVm79nmmiEXUDsslRpOs=
github.com/go-macos/videotoolbox v0.1.0 h1:BJF3ztJRaLryIDsjG1HFxx0taXxqw5FupYHUGT80g6c=
github.com/go-macos/videotoolbox v0.1.0/go.mod h1:bWhson+WsDoHsMt+QDyAis0kiVRSWCmvARQKGiVRi5M=
github.com/go-mswin/win32 v0.1.0 h1:A5Qfrix2eACXXskaIALrwu2+OWpmkRrpdw68yp8EoSw=
github.com/go-mswin/win32 v0.1.0/go.mod h1:ypmW4zosl3mXhy0O39EDbHk+AUjgaXGyFgY5UpX3AxI=
github.com/go-opentype/fonts v0.8.0 h1:77i3VPIH90GbstzNb21mk+an4WvEOe2idC6W+J0n0fw=
github.com/go-opentype/fonts v0.8.0/go.mod h1:C6yQL2apHItfEZ5hztpsHF0S5mlX/hklLlq/Z5fRG/g=
github.com/go-opentype/opentype v0.6.0 h1:2t1Qs/Uo4M+f9gahV5QGihLTTeI/q4s0l7MIsbkd290=
github.com/go-opentype/opentype v0.6.0/go.mod h1:AOixevJf7XQaH7+WG+OMIOZEbYPXfMqklVk26Y6YTUU=
github.com/go-opentype/shape v0.5.0 h1:jHNaOMHNBdDj5EixOevlrrsi92svMxvVMKN7GYaPfxo=
github.com/go-opentype/shape v0.5.0/go.mod h1:3ImRYNIj6zpwWQ/DV3BWhgMFfmzDITH6XpZw2auQHTo=
github.com/go-test/deep v1.1.0 h1:WOcxcdHcvdgThNXjw0t76K42FXTU7HpNQWHpA2HHNlg=
github.com/go-test/deep v1.1.0/go.mod h1:5C2ZWiW0ErCdrYzpqxLbTX7MG14M9iiw8DgHncVwcsE=
github.com/go-typeset/bidi v0.3.0 h1:4fjGjejvjE2LzLNzY4si8PkVO321NcsKIiANhWT3jF4=
github.com/go-typeset/bidi v0.3.0/go.mod h1:ct3cmYT8Qt1FGJQ+2QaakrUxqaP4ZysgdQQg2ym5+Xo=
github.com/go-widgets/android v0.13.1 h1:lo51C5xjTEceNxK2eUDOlpWIFi+LKS5XpKMNjnJns+U=
github.com/go-widgets/android v0.13.1/go.mod h1:MsEBpJyEUhmq4yKPXIMMf+BX21NWAPQW9lfU0deDR+g=
github.com/go-widgets/mvvm v0.7.0 h1:I7E2Kd9H8K/vJfZClifBRCqnk0kQTjTnhjnuIdORAVk=
github.com/go-widgets/mvvm v0.7.0/go.mod h1:BBgSa7vTeNtYCo28qeowez9RlSSvViU73CcFj5vCvJ8=
github.com/go-widgets/painter v0.11.0 h1:xsj4zTz8B43rOZnWrx7ZsaUBMgJyvgaE/Pq2FfcG2Sw=
github.com/go-widgets/painter v0.11.0/go.mod h1:IPRLqdUJuJX8sfuHeYLZCzjoLvA0ApbOlyIAVmguJDQ=
github.com/go-widgets/toolkit v0.201.0 h1:hkf4BB8wYxKg7OlEwUjB0aMca2hphki3tTfBeGvwr9g=
github.com/go-widgets/toolkit v0.201.0/go.mod h1:pNroe6a4TiuFC//n6kbsikgs/actqsvqN88vUxjwESg=
github.com/go-widgets/window v0.47.0 h1:CymvpD5OtUxdDHJ6yAcdQtG2gsPIw44kNUsGJ0phscs=
github.com/go-widgets/window v0.47.0/go.mod h1:eMROolGL1P4XdX98I1UtzNl/sSdzUFQ47G54pac8juc=
github.com/go-xrkit/xrkit v0.1.0 h1:5ZDU/EoGYUCV9HPIP64X7DcWjOLXzdnEZci2cbmiguc=
github.com/go-xrkit/xrkit v0.1.0/go.mod h1:9ng88Wm1PNIOJg0++CzyF+ok6GZ6oDFaz1slFy7hKWc=
github.com/godbus/dbus/v5 v5.2.2 h1:TUR3TgtSVDmjiXOgAAyaZbYmIeP3DPkld3jgKGV8mXQ=
github.com/godbus/dbus/v5 v5.2.2/go.mod h1:3AAv2+hPq5rdnr5txxxRwiGjPXamgoIHgz9FPBfOp3c=
github.com/pmezard/go-difflib v1.0.0 h1:4DBwDE0NGyQoBHbLQYPwSUPoCMWR5BEzIk/f1lZbAQM=
github.com/pmezard/go-difflib v1.0.0/go.mod h1:iKH77koFhYxTK1pcRnkKkqfTogsbg7gZNVY4sRDYZ/4=
github.com/sergeymakinen/go-bmp v1.0.0 h1:SdGTzp9WvCV0A1V0mBeaS7kQAwNLdVJbmHlqNWq0R+M=
github.com/sergeymakinen/go-bmp v1.0.0/go.mod h1:/mxlAQZRLxSvJFNIEGGLBE/m40f3ZnUifpgVDlcUIEY=
github.com/sergeymakinen/go-ico v1.0.0 h1:uL3khgvKkY6WfAetA+RqsguClBuu7HpvBB/nq/Jvr80=
github.com/sergeymakinen/go-ico v1.0.0/go.mod h1:wQ47mTczswBO5F0NoDt7O0IXgnV4Xy3ojrroMQzyhUk=
github.com/stretchr/testify v1.4.0 h1:2E4SXV/wtOkTonXsotYi4li6zVWxYlZuYNCXe9XRJyk=
github.com/stretchr/testify v1.4.0/go.mod h1:j7eGeouHqKxXV5pUuKE4zz7dFj8WfuZ+81PSLYec5m4=
golang.org/x/image v0.45.0 h1:FMb1nTbH5H9vF55SriQHgFw5GnNL9Jg6L25BwXKzhB0=
golang.org/x/image v0.45.0/go.mod h1:n62x/7RqlwXDvGsSU4u6IUTUf6KghUZ9Bt7cG/T9Fx4=
golang.org/x/sys v0.47.0 h1:o7XGOvZQCADBQQ4Y7VNq2dRWQR7JmOUW8Kxx4ZsNgWs=
golang.org/x/sys v0.47.0/go.mod h1:4GL1E5IUh+htKOUEOaiffhrAeqysfVGipDYzABqnCmw=
gopkg.in/yaml.v2 v2.2.2 h1:ZCJp+EgiOT7lHqUV2J862kp8Qj64Jo6az82+3Td9dZw=
gopkg.in/yaml.v2 v2.2.2/go.mod h1:hI93XBmqTisBFMUTm0b8Fm+jr3Dg1NNxqwp+5A1VGuI=
