github.com/Eyevinn/mp4ff v0.56.0 h1:K81hqadHOLqQP+Rr610dwy7Cn3tLLEejCljzIfcNo+k=
github.com/Eyevinn/mp4ff v0.56.0/go.mod h1:AhC+bOI7GSZmzuN4zFY9U76qMedbHI+8BdQXWrC9+8U=
github.com/ajroetker/go-highway v0.0.4 h1:RDQo+9OhTXI6BFctLo+5gYpHNbb92VYJ0ObnR4l6xAQ=
github.com/ajroetker/go-highway v0.0.4/go.mod h1:C/zYPNSSpOaraejY89FUTZTyQNEhi5+rEbU0LjlqJeU=
github.com/ajroetker/go-jpeg2000 v0.0.2 h1:ni8brffZrci4Kacx3nM5d92ipmTDfak84KgHYi6IxFw=
github.com/ajroetker/go-jpeg2000 v0.0.2/go.mod h1:7ld88W47lZy0x8gRQesRGAonDPOpr6ev8rckjCAfbzE=
github.com/andybalholm/brotli v1.2.2 h1:HzTuoo2ErYQqf5qvcJInB8uvqSVxRttzkFexPWtnceM=
github.com/andybalholm/brotli v1.2.2/go.mod h1:rzTDkvFWvIrjDXZHkuS16NPggd91W3kUSvPlQ1pLaKY=
github.com/asticode/go-astikit v0.30.0 h1:DkBkRQRIxYcknlaU7W7ksNfn4gMFsB0tqMJflxkRsZA=
github.com/asticode/go-astikit v0.30.0/go.mod h1:h4ly7idim1tNhaVkdVBeXQZEE3L0xblP7fCWbgwipF0=
github.com/asticode/go-astits v1.16.0 h1:MgyLnG30oRiQsHWQNXA29ZS6i7UNN/OGcPdgH86JJqg=
github.com/asticode/go-astits v1.16.0/go.mod h1:psImoC1BhcAWIsyM/RnbO1OgUW+XSf8fZpFvF5McDyo=
github.com/at-wat/ebml-go v0.19.1 h1:Ve0yB6OTjnIS1vfRaxT5d7guHZ1aXG4kXytM+18wWEg=
github.com/at-wat/ebml-go v0.19.1/go.mod h1:wu3fQj+DWo6SOOl9c4yDi+gFs9Oa96Z2B5qxo1OxFYY=
github.com/cespare/xxhash/v2 v2.3.0 h1:UL815xU9SqsFlibzuggzjXhog7bL6oX9BbNZnL2UFvs=
github.com/cespare/xxhash/v2 v2.3.0/go.mod h1:VGX0DQ3Q6kWi7AoAeZDth3/j3BFtOZR5XLFGgcrjCOs=
github.com/coder/websocket v1.8.15 h1:6B2JPeOGlpff2Uz6vOEH1Vzpi0iUz20A+lPVhPHtNUA=
github.com/coder/websocket v1.8.15/go.mod h1:NX3SzP+inril6yawo5CQXx8+fk145lPDC6pumgx0mVg=
github.com/davecgh/go-spew v1.1.2-0.20180830191138-d8f796af33cc h1:U9qPSI2PIWSS1VwoXQT9A3Wy9MM3WgvqSxFWenqJduM=
github.com/davecgh/go-spew v1.1.2-0.20180830191138-d8f796af33cc/go.mod h1:J7Y8YcW2NihsgmVo/mv3lAwl/skON4iLHjSsI+c5H38=
github.com/ebitengine/purego v0.10.2 h1:W809HbnvzAxgdm+aOvlSekrM16wGCdT/e76+9tS7gzE=
github.com/ebitengine/purego v0.10.2/go.mod h1:iIjxzd6CiRiOG0UyXP+V1+jWqUXVjPKLAI0mRfJZTmQ=
github.com/go-avkit/avkit v0.0.0-20260830124118-008ab6e5790a h1:lGbPYdWuYUBZq64gn80/YKDVVDDk4yWVQ4cof+qwmRQ=
github.com/go-avkit/avkit v0.0.0-20260830124118-008ab6e5790a/go.mod h1:WUQxQ4PNl9+jFy2lqQzi/q88Ptk6hRCE/+8+PJ3lDug=
github.com/go-crdt/collab v0.33.0 h1:bFswNxL+bXSgLY9JLVF6iOEDADM11HkdeU6uA3S72co=
github.com/go-crdt/collab v0.33.0/go.mod h1:YbO+X4Tq/FOQzsui7vreO9U+ucblThW42ifdlRA4qqs=
github.com/go-crdt/crdt v0.35.0 h1:8IGUNQo7+S9MfdTFX2miW2l+DxYClDyg+4qmYAmXpnY=
github.com/go-crdt/crdt v0.35.0/go.mod h1:vbfvns9B9FUaMi2sPKzMYttKmbxfgO7EK3Yu82SrlYw=
github.com/go-freedesktop/x11 v0.2.0 h1:qHvov5jn7GG4QxeealqRJVj72/MjR5qi2IXqyD7N02A=
github.com/go-freedesktop/x11 v0.2.0/go.mod h1:a+Fma9oOlsagw0CJKe+VHYxIl5/PzPSmlCVaYCtUSYA=
github.com/go-gfx/gfx v0.19.0 h1:nA2Eg8Aq2kytR5Hrm/eQ6618w4vT0+Ao8BMZiuYh84c=
github.com/go-gfx/gfx v0.19.0/go.mod h1:VAK6hgCgkhT3j3ek2K7G8zDfkCPD3RCF45UbcRlCV8Q=
github.com/go-icons/iconoir v0.2.0 h1:I5AnDEIPgYfawTmwzemDRJjlYCUbFHuS8GJXrjADhXc=
github.com/go-icons/iconoir v0.2.0/go.mod h1:Td/M2vy4xdVv4aOudAskV0nXR9Wv0MlhWvyRIzPBz5U=
github.com/go-images/depth v0.4.0 h1:Fy9+Q8c1eJeET4Vmjhfn86xpIWYXlxrSDWnhPSCBzNE=
github.com/go-images/depth v0.4.0/go.mod h1:3bnNLvc5kQ9q2Ep6jUhciMXP8gXPbjtMmOLefsCWw8M=
github.com/go-images/images v0.0.0-20260815210351-4a50ef5ab734 h1:nU+MGeyJzidGvCtx+HLZgHKG9GpUUomkQvB5nXLRWoc=
github.com/go-images/images v0.0.0-20260815210351-4a50ef5ab734/go.mod h1:ObuOBKDEidGX0LqLKY/5nqj7JVN/hsCzHMAJd0TNc0k=
github.com/go-logr/logr v1.4.3 h1:CjnDlHq8ikf6E492q6eKboGOC0T8CDaOvkHCIg8idEI=
github.com/go-logr/logr v1.4.3/go.mod h1:9T104GzyrTigFIr8wt5mBrctHMim0Nb2HLGrmQ40KvY=
github.com/go-logr/stdr v1.2.2 h1:hSWxHoqTgW2S2qGc0LTAI563KZ5YKYRhT3MFKZMbjag=
github.com/go-logr/stdr v1.2.2/go.mod h1:mMo/vtBO5dYbehREoey6XUKy/eSumjCCveDpRre4VKE=
github.com/go-macos/audiotoolbox v0.0.0-20260830145103-4745125eda47 h1:HVHU113t8BSeOs6pG4P7JeRzScGwovhuxSBGfUSMnWU=
github.com/go-macos/audiotoolbox v0.0.0-20260830145103-4745125eda47/go.mod h1:gBI8RVSIpckVOVjwgprxHLIn6tkPjUxkV74cUMeg5iU=
github.com/go-macos/avfoundation v0.2.1 h1:mJemKgt026Fny+faVeULxRJBC1y/nuNSKj00uFCd9Zg=
github.com/go-macos/avfoundation v0.2.1/go.mod h1:3g/Jnf271MYjnIQmy+Yj2sn/P+YddpP3qavGCvnGE9w=
github.com/go-macos/coreml v0.1.0 h1:vzIqix5/2V9fXT6psX56wJnFR0olrXllZ5L2bgw6dIA=
github.com/go-macos/coreml v0.1.0/go.mod h1:fzohkuw/D3qvM+1BkjRmfYLrFYCw5zjpzIR0wNcX6SA=
github.com/go-macos/metal v0.1.0 h1:3giY1/2m5Z6Px2qfKP3zSA4wMk5oE9OtPajae2Erc9s=
github.com/go-macos/metal v0.1.0/go.mod h1:OWBxTf+oac2xxRj0+pehRsWo2yDqnEWpSyWmqBEOMlQ=
github.com/go-macos/objc v0.9.1 h1:GGBoj8aMijBCYNPjGAYS4neeA3lWa8/JEIF1K5GswDo=
github.com/go-macos/objc v0.9.1/go.mod h1:00GJyieLzPcb65rPLVWNPPUCVm79nmmiEXUDsslRpOs=
github.com/go-macos/videotoolbox v0.1.1 h1:MsVhUEIWCyrdhXYGc/xLrldWXTUg53+e8Et4sAYwMEg=
github.com/go-macos/videotoolbox v0.1.1/go.mod h1:AvHNLHdVtPHsyIorzRi8PWy/C+wRV0QQh0R+ypSwNkQ=
github.com/go-macos/virtualdisplay v0.1.0 h1:mZll/h6+PVn+mNTDH17D7G5lXV5HPxlmJU9NKXJcR7c=
github.com/go-macos/virtualdisplay v0.1.0/go.mod h1:SdD/x985/SWSqyARACyLX6F3xTD5dyFk/kWAT++RhyY=
github.com/go-mswin/win32 v0.3.0 h1:woBuRYApSkzs8PzloMI4qhQdAB8lDmbFC2VT/QRsB3E=
github.com/go-mswin/win32 v0.3.0/go.mod h1:ypmW4zosl3mXhy0O39EDbHk+AUjgaXGyFgY5UpX3AxI=
github.com/go-opentype/fonts v0.8.0 h1:77i3VPIH90GbstzNb21mk+an4WvEOe2idC6W+J0n0fw=
github.com/go-opentype/fonts v0.8.0/go.mod h1:C6yQL2apHItfEZ5hztpsHF0S5mlX/hklLlq/Z5fRG/g=
github.com/go-opentype/opentype v0.6.0 h1:2t1Qs/Uo4M+f9gahV5QGihLTTeI/q4s0l7MIsbkd290=
github.com/go-opentype/opentype v0.6.0/go.mod h1:AOixevJf7XQaH7+WG+OMIOZEbYPXfMqklVk26Y6YTUU=
github.com/go-opentype/shape v0.5.0 h1:jHNaOMHNBdDj5EixOevlrrsi92svMxvVMKN7GYaPfxo=
github.com/go-opentype/shape v0.5.0/go.mod h1:3ImRYNIj6zpwWQ/DV3BWhgMFfmzDITH6XpZw2auQHTo=
github.com/go-richdoc/richdoc v0.2.0 h1:z9cLox9MoInZL6fIlweMzgDT/VqgnB2ZucSIEaRFglY=
github.com/go-richdoc/richdoc v0.2.0/go.mod h1:aCX8ulqg5CoKqSWgWeEWul1Oj0d2VxQeaQNI0+jsm7c=
github.com/go-test/deep v1.1.0 h1:WOcxcdHcvdgThNXjw0t76K42FXTU7HpNQWHpA2HHNlg=
github.com/go-test/deep v1.1.0/go.mod h1:5C2ZWiW0ErCdrYzpqxLbTX7MG14M9iiw8DgHncVwcsE=
github.com/go-typeset/bidi v0.3.0 h1:4fjGjejvjE2LzLNzY4si8PkVO321NcsKIiANhWT3jF4=
github.com/go-typeset/bidi v0.3.0/go.mod h1:ct3cmYT8Qt1FGJQ+2QaakrUxqaP4ZysgdQQg2ym5+Xo=
github.com/go-widgets/android v0.13.1 h1:lo51C5xjTEceNxK2eUDOlpWIFi+LKS5XpKMNjnJns+U=
github.com/go-widgets/android v0.13.1/go.mod h1:MsEBpJyEUhmq4yKPXIMMf+BX21NWAPQW9lfU0deDR+g=
github.com/go-widgets/mvvm v0.7.0 h1:I7E2Kd9H8K/vJfZClifBRCqnk0kQTjTnhjnuIdORAVk=
github.com/go-widgets/mvvm v0.7.0/go.mod h1:BBgSa7vTeNtYCo28qeowez9RlSSvViU73CcFj5vCvJ8=
github.com/go-widgets/painter v0.12.0 h1:gMqTVbIbGSKmaE28NKsbbKdNIk2drupNMNuLjFP6T6I=
github.com/go-widgets/painter v0.12.0/go.mod h1:IPRLqdUJuJX8sfuHeYLZCzjoLvA0ApbOlyIAVmguJDQ=
github.com/go-widgets/toolkit v0.297.0 h1:l6/H8rNU25x93thlOqnPhuoXJo1AB4lCDlaS2/yig6U=
github.com/go-widgets/toolkit v0.297.0/go.mod h1:oQuOK+iE7Dc1xG1EXsBeO5Kjdf+091uIZSVu3AVLXwc=
github.com/go-widgets/window v0.57.0 h1:FNPDgAddoQV3NSUid4X4OL0qNP1tD34daEOum89/aBY=
github.com/go-widgets/window v0.57.0/go.mod h1:nJjeM1Zq9Jbr/j4KsC5WJDOQt9Ywz3At6ZK60CiZdos=
github.com/go-xrkit/depth3d v0.1.0 h1:78w0YWvENMzrITw5V/CPhusv/Z2dKSw0UWug5CjpfqU=
github.com/go-xrkit/depth3d v0.1.0/go.mod h1:MRN1X2PMSFWU4wcFXMwIiP4uowUlzfHm7cHbzVKPSMk=
github.com/go-xrkit/xrkit v0.8.0 h1:KrMnrBLHXaI0/eO7xVRfMK7okm1e/dfKxyV8svCTbWw=
github.com/go-xrkit/xrkit v0.8.0/go.mod h1:xu9ZzeaFnuMhE4gbFimqJZOAWX51Evpglu2JMD64ux4=
github.com/godbus/dbus/v5 v5.2.2 h1:TUR3TgtSVDmjiXOgAAyaZbYmIeP3DPkld3jgKGV8mXQ=
github.com/godbus/dbus/v5 v5.2.2/go.mod h1:3AAv2+hPq5rdnr5txxxRwiGjPXamgoIHgz9FPBfOp3c=
github.com/golang/protobuf v1.5.4 h1:i7eJL8qZTpSEXOPTxNKhASYpMn+8e5Q6AdndVa1dWek=
github.com/golang/protobuf v1.5.4/go.mod h1:lnTiLA8Wa4RWRcIUkrtSVa5nRhsEGBg48fD6rSs7xps=
github.com/google/go-cmp v0.7.0 h1:wk8382ETsv4JYUZwIsn6YpYiWiBsYLSJiTsyBybVuN8=
github.com/google/go-cmp v0.7.0/go.mod h1:pXiqmnSA92OHEEa9HXL2W4E7lf9JzCmGVUdgjX3N/iU=
github.com/google/uuid v1.6.0 h1:NIvaJDMOsjHA8n1jAhLSgzrAzy1Hgr+hNrb57e+94F0=
github.com/google/uuid v1.6.0/go.mod h1:TIyPZe4MgqvfeYDBFedMoGGpEw/LqOeaOT+nhxU+yHo=
github.com/grpc-transports/websocket v0.2.0 h1:n4lN066PPcVTvTfLdwa84gfNiAzvS9k4SSQ1yWuG3+g=
github.com/grpc-transports/websocket v0.2.0/go.mod h1:2z7Qy11qgPaGDfqzImOt0iyLwH0wjfsvaiidCIIpzgg=
github.com/pmezard/go-difflib v1.0.1-0.20181226105442-5d4384ee4fb2 h1:Jamvg5psRIccs7FGNTlIRMkT8wgtp5eCXdBlqhYGL6U=
github.com/pmezard/go-difflib v1.0.1-0.20181226105442-5d4384ee4fb2/go.mod h1:iKH77koFhYxTK1pcRnkKkqfTogsbg7gZNVY4sRDYZ/4=
github.com/sergeymakinen/go-bmp v1.0.0 h1:SdGTzp9WvCV0A1V0mBeaS7kQAwNLdVJbmHlqNWq0R+M=
github.com/sergeymakinen/go-bmp v1.0.0/go.mod h1:/mxlAQZRLxSvJFNIEGGLBE/m40f3ZnUifpgVDlcUIEY=
github.com/sergeymakinen/go-ico v1.0.0 h1:uL3khgvKkY6WfAetA+RqsguClBuu7HpvBB/nq/Jvr80=
github.com/sergeymakinen/go-ico v1.0.0/go.mod h1:wQ47mTczswBO5F0NoDt7O0IXgnV4Xy3ojrroMQzyhUk=
github.com/stretchr/testify v1.11.1 h1:7s2iGBzp5EwR7/aIZr8ao5+dra3wiQyKjjFuvgVKu7U=
github.com/stretchr/testify v1.11.1/go.mod h1:wZwfW3scLgRK+23gO65QZefKpKQRnfz6sD981Nm4B6U=
github.com/tannevaled/gobig2 v0.1.0 h1:9PdMvmnmYQURlUF40zt8t35Wnrz3KhZrwfxgCMvQc04=
github.com/tannevaled/gobig2 v0.1.0/go.mod h1:X0S1H+N35kg6zYgVYRqGMsGj3C35zs+iA2r1MXyPcV4=
github.com/xyproto/randomstring v1.0.5 h1:YtlWPoRdgMu3NZtP45drfy1GKoojuR7hmRcnhZqKjWU=
github.com/xyproto/randomstring v1.0.5/go.mod h1:rgmS5DeNXLivK7YprL0pY+lTuhNQW3iGxZ18UQApw/E=
go.opentelemetry.io/auto/sdk v1.2.1 h1:jXsnJ4Lmnqd11kwkBV2LgLoFMZKizbCi5fNZ/ipaZ64=
go.opentelemetry.io/auto/sdk v1.2.1/go.mod h1:KRTj+aOaElaLi+wW1kO/DZRXwkF4C5xPbEe3ZiIhN7Y=
go.opentelemetry.io/otel v1.39.0 h1:8yPrr/S0ND9QEfTfdP9V+SiwT4E0G7Y5MO7p85nis48=
go.opentelemetry.io/otel v1.39.0/go.mod h1:kLlFTywNWrFyEdH0oj2xK0bFYZtHRYUdv1NklR/tgc8=
go.opentelemetry.io/otel/metric v1.39.0 h1:d1UzonvEZriVfpNKEVmHXbdf909uGTOQjA0HF0Ls5Q0=
go.opentelemetry.io/otel/metric v1.39.0/go.mod h1:jrZSWL33sD7bBxg1xjrqyDjnuzTUB0x1nBERXd7Ftcs=
go.opentelemetry.io/otel/sdk v1.39.0 h1:nMLYcjVsvdui1B/4FRkwjzoRVsMK8uL/cj0OyhKzt18=
go.opentelemetry.io/otel/sdk v1.39.0/go.mod h1:vDojkC4/jsTJsE+kh+LXYQlbL8CgrEcwmt1ENZszdJE=
go.opentelemetry.io/otel/sdk/metric v1.39.0 h1:cXMVVFVgsIf2YL6QkRF4Urbr/aMInf+2WKg+sEJTtB8=
go.opentelemetry.io/otel/sdk/metric v1.39.0/go.mod h1:xq9HEVH7qeX69/JnwEfp6fVq5wosJsY1mt4lLfYdVew=
go.opentelemetry.io/otel/trace v1.39.0 h1:2d2vfpEDmCJ5zVYz7ijaJdOF59xLomrvj7bjt6/qCJI=
go.opentelemetry.io/otel/trace v1.39.0/go.mod h1:88w4/PnZSazkGzz/w84VHpQafiU4EtqqlVdxWy+rNOA=
golang.org/x/image v0.45.0 h1:FMb1nTbH5H9vF55SriQHgFw5GnNL9Jg6L25BwXKzhB0=
golang.org/x/image v0.45.0/go.mod h1:n62x/7RqlwXDvGsSU4u6IUTUf6KghUZ9Bt7cG/T9Fx4=
golang.org/x/net v0.49.0 h1:eeHFmOGUTtaaPSGNmjBKpbng9MulQsJURQUAfUwY++o=
golang.org/x/net v0.49.0/go.mod h1:/ysNB2EvaqvesRkuLAyjI1ycPZlQHM3q01F02UY/MV8=
golang.org/x/sys v0.47.0 h1:o7XGOvZQCADBQQ4Y7VNq2dRWQR7JmOUW8Kxx4ZsNgWs=
golang.org/x/sys v0.47.0/go.mod h1:4GL1E5IUh+htKOUEOaiffhrAeqysfVGipDYzABqnCmw=
golang.org/x/text v0.41.0 h1:vz/seA0lnX87Othu2f/0L24RcgrXD9/YFTSuGjj3rH8=
golang.org/x/text v0.41.0/go.mod h1:jvf1O8ajNzZqhSrQBPbutR/EB83Cc0CFrezNQIwbb5M=
gonum.org/v1/gonum v0.17.0 h1:VbpOemQlsSMrYmn7T2OUvQ4dqxQXU+ouZFQsZOx50z4=
gonum.org/v1/gonum v0.17.0/go.mod h1:El3tOrEuMpv2UdMrbNlKEh9vd86bmQ6vqIcDwxEOc1E=
google.golang.org/genproto/googleapis/rpc v0.0.0-20260120221211-b8f7ae30c516 h1:sNrWoksmOyF5bvJUcnmbeAmQi8baNhqg5IWaI3llQqU=
google.golang.org/genproto/googleapis/rpc v0.0.0-20260120221211-b8f7ae30c516/go.mod h1:j9x/tPzZkyxcgEFkiKEEGxfvyumM01BEtsW8xzOahRQ=
google.golang.org/grpc v1.80.0 h1:Xr6m2WmWZLETvUNvIUmeD5OAagMw3FiKmMlTdViWsHM=
google.golang.org/grpc v1.80.0/go.mod h1:ho/dLnxwi3EDJA4Zghp7k2Ec1+c2jqup0bFkw07bwF4=
google.golang.org/protobuf v1.36.12 h1:pJOKDDOyeXErUroCihFAd5LQuwXBSpVnKGrj5o/fwxc=
google.golang.org/protobuf v1.36.12/go.mod h1:HTf+CrKn2C3g5S8VImy6tdcUvCska2kB7j23XfzDpco=
gopkg.in/check.v1 v0.0.0-20161208181325-20d25e280405/go.mod h1:Co6ibVJAznAaIkqp8huTwlJQCZ016jof/cbN4VW5Yz0=
gopkg.in/yaml.v3 v3.0.1 h1:fxVm/GzAzEWqLHuvctI91KS9hhNmmWOoWu0XTYJS7CA=
gopkg.in/yaml.v3 v3.0.1/go.mod h1:K4uyk7z7BCEPqu6E+C64Yfv1cQ7kz7rIZviUmN+EgEM=
